
Microsoft Visual Studio Solution File, Format Version 12.00
# Visual Studio Version 17
VisualStudioVersion = 17.11.35208.52
MinimumVisualStudioVersion = 10.0.40219.1
Project("{FAE04EC0-301F-11D3-BF4B-00C04F79EFBC}") = "web_api24", "web_api24\web_api24.csproj", "{2A6D61D9-FD83-40A0-9946-90A9DB4BB00A}"
EndProject
Global
	GlobalSection(SolutionConfigurationPlatforms) = preSolution
		Debug|Any CPU = Debug|Any CPU
		Release|Any CPU = Release|Any CPU
	EndGlobalSection
	GlobalSection(ProjectConfigurationPlatforms) = postSolution
		{2A6D61D9-FD83-40A0-9946-90A9DB4BB00A}.Debug|Any CPU.ActiveCfg = Debug|Any CPU
		{2A6D61D9-FD83-40A0-9946-90A9DB4BB00A}.Debug|Any CPU.Build.0 = Debug|Any CPU
		{2A6D61D9-FD83-40A0-9946-90A9DB4BB00A}.Release|Any CPU.ActiveCfg = Release|Any CPU
		{2A6D61D9-FD83-40A0-9946-90A9DB4BB00A}.Release|Any CPU.Build.0 = Release|Any CPU
	EndGlobalSection
	GlobalSection(SolutionProperties) = preSolution
		HideSolutionNode = FALSE
	EndGlobalSection
	GlobalSection(ExtensibilityGlobals) = postSolution
		SolutionGuid = {7CB77D59-09B2-45E1-8658-559396D16F22}
	EndGlobalSection
EndGlobal
